// !$*UTF8*$!
{
	archiveVersion = 1;
	classes = {
	};
	objectVersion = 46;
	objects = {

/* Begin PBXBuildFile section */
		5866F9B71D4EE7AE003497C9 /* main.m in Sources */ = {isa = PBXBuildFile; fileRef = 5866F9B61D4EE7AE003497C9 /* main.m */; };
		5866F9BA1D4EE7AE003497C9 /* AppDelegate.m in Sources */ = {isa = PBXBuildFile; fileRef = 5866F9B91D4EE7AE003497C9 /* AppDelegate.m */; };
		5866F9BD1D4EE7AE003497C9 /* ViewController.m in Sources */ = {isa = PBXBuildFile; fileRef = 5866F9BC1D4EE7AE003497C9 /* ViewController.m */; };
		5866F9C01D4EE7AE003497C9 /* Main.storyboard in Resources */ = {isa = PBXBuildFile; fileRef = 5866F9BE1D4EE7AE003497C9 /* Main.storyboard */; };
		5866F9C21D4EE7AE003497C9 /* Assets.xcassets in Resources */ = {isa = PBXBuildFile; fileRef = 5866F9C11D4EE7AE003497C9 /* Assets.xcassets */; };
		5866F9C51D4EE7AF003497C9 /* LaunchScreen.storyboard in Resources */ = {isa = PBXBuildFile; fileRef = 5866F9C31D4EE7AE003497C9 /* LaunchScreen.storyboard */; };
		5866F9D01D4EE7AF003497C9 /* LCCollectionLayoutTests.m in Sources */ = {isa = PBXBuildFile; fileRef = 5866F9CF1D4EE7AF003497C9 /* LCCollectionLayoutTests.m */; };
		5866F9DB1D4EE7AF003497C9 /* LCCollectionLayoutUITests.m in Sources */ = {isa = PBXBuildFile; fileRef = 5866F9DA1D4EE7AF003497C9 /* LCCollectionLayoutUITests.m */; };
		5866F9EB1D4EE920003497C9 /* LCLineFlowLayout.m in Sources */ = {isa = PBXBuildFile; fileRef = 5866F9EA1D4EE920003497C9 /* LCLineFlowLayout.m */; };
/* End PBXBuildFile section */

/* Begin PBXContainerItemProxy section */
		5866F9CC1D4EE7AF003497C9 /* PBXContainerItemProxy */ = {
			isa = PBXContainerItemProxy;
			containerPortal = 5866F9AA1D4EE7AE003497C9 /* Project object */;
			proxyType = 1;
			remoteGlobalIDString = 5866F9B11D4EE7AE003497C9;
			remoteInfo = LCCollectionLayout;
		};
		5866F9D71D4EE7AF003497C9 /* PBXContainerItemProxy */ = {
			isa = PBXContainerItemProxy;
			containerPortal = 5866F9AA1D4EE7AE003497C9 /* Project object */;
			proxyType = 1;
			remoteGlobalIDString = 5866F9B11D4EE7AE003497C9;
			remoteInfo = LCCollectionLayout;
		};
/* End PBXContainerItemProxy section */

/* Begin PBXFileReference section */
		5866F9B21D4EE7AE003497C9 /* LCCollectionLayout.app */ = {isa = PBXFileReference; explicitFileType = wrapper.application; includeInIndex = 0; path = LCCollectionLayout.app; sourceTree = BUILT_PRODUCTS_DIR; };
		5866F9B61D4EE7AE003497C9 /* main.m */ = {isa = PBXFileReference; lastKnownFileType = sourcecode.c.objc; path = main.m; sourceTree = "<group>"; };
		5866F9B81D4EE7AE003497C9 /* AppDelegate.h */ = {isa = PBXFileReference; lastKnownFileType = sourcecode.c.h; path = AppDelegate.h; sourceTree = "<group>"; };
		5866F9B91D4EE7AE003497C9 /* AppDelegate.m */ = {isa = PBXFileReference; lastKnownFileType = sourcecode.c.objc; path = AppDelegate.m; sourceTree = "<group>"; };
		5866F9BB1D4EE7AE003497C9 /* ViewController.h */ = {isa = PBXFileReference; lastKnownFileType = sourcecode.c.h; path = ViewController.h; sourceTree = "<group>"; };
		5866F9BC1D4EE7AE003497C9 /* ViewController.m */ = {isa = PBXFileReference; lastKnownFileType = sourcecode.c.objc; path = ViewController.m; sourceTree = "<group>"; };
		5866F9BF1D4EE7AE003497C9 /* Base */ = {isa = PBXFileReference; lastKnownFileType = file.storyboard; name = Base; path = Base.lproj/Main.storyboard; sourceTree = "<group>"; };
		5866F9C11D4EE7AE003497C9 /* Assets.xcassets */ = {isa = PBXFileReference; lastKnownFileType = folder.assetcatalog; path = Assets.xcassets; sourceTree = "<group>"; };
		5866F9C41D4EE7AF003497C9 /* Base */ = {isa = PBXFileReference; lastKnownFileType = file.storyboard; name = Base; path = Base.lproj/LaunchScreen.storyboard; sourceTree = "<group>"; };
		5866F9C61D4EE7AF003497C9 /* Info.plist */ = {isa = PBXFileReference; lastKnownFileType = text.plist.xml; path = Info.plist; sourceTree = "<group>"; };
		5866F9CB1D4EE7AF003497C9 /* LCCollectionLayoutTests.xctest */ = {isa = PBXFileReference; explicitFileType = wrapper.cfbundle; includeInIndex = 0; path = LCCollectionLayoutTests.xctest; sourceTree = BUILT_PRODUCTS_DIR; };
		5866F9CF1D4EE7AF003497C9 /* LCCollectionLayoutTests.m */ = {isa = PBXFileReference; lastKnownFileType = sourcecode.c.objc; path = LCCollectionLayoutTests.m; sourceTree = "<group>"; };
		5866F9D11D4EE7AF003497C9 /* Info.plist */ = {isa = PBXFileReference; lastKnownFileType = text.plist.xml; path = Info.plist; sourceTree = "<group>"; };
		5866F9D61D4EE7AF003497C9 /* LCCollectionLayoutUITests.xctest */ = {isa = PBXFileReference; explicitFileType = wrapper.cfbundle; includeInIndex = 0; path = LCCollectionLayoutUITests.xctest; sourceTree = BUILT_PRODUCTS_DIR; };
		5866F9DA1D4EE7AF003497C9 /* LCCollectionLayoutUITests.m */ = {isa = PBXFileReference; lastKnownFileType = sourcecode.c.objc; path = LCCollectionLayoutUITests.m; sourceTree = "<group>"; };
		5866F9DC1D4EE7AF003497C9 /* Info.plist */ = {isa = PBXFileReference; lastKnownFileType = text.plist.xml; path = Info.plist; sourceTree = "<group>"; };
		5866F9E91D4EE920003497C9 /* LCLineFlowLayout.h */ = {isa = PBXFileReference; fileEncoding = 4; lastKnownFileType = sourcecode.c.h; path = LCLineFlowLayout.h; sourceTree = "<group>"; };
		5866F9EA1D4EE920003497C9 /* LCLineFlowLayout.m */ = {isa = PBXFileReference; fileEncoding = 4; lastKnownFileType = sourcecode.c.objc; path = LCLineFlowLayout.m; sourceTree = "<group>"; };
/* End PBXFileReference section */

/* Begin PBXFrameworksBuildPhase section */
		5866F9AF1D4EE7AE003497C9 /* Frameworks */ = {
			isa = PBXFrameworksBuildPhase;
			buildActionMask = 2147483647;
			files = (
			);
			runOnlyForDeploymentPostprocessing = 0;
		};
		5866F9C81D4EE7AF003497C9 /* Frameworks */ = {
			isa = PBXFrameworksBuildPhase;
			buildActionMask = 2147483647;
			files = (
			);
			runOnlyForDeploymentPostprocessing = 0;
		};
		5866F9D31D4EE7AF003497C9 /* Frameworks */ = {
			isa = PBXFrameworksBuildPhase;
			buildActionMask = 2147483647;
			files = (
			);
			runOnlyForDeploymentPostprocessing = 0;
		};
/* End PBXFrameworksBuildPhase section */

/* Begin PBXGroup section */
		5866F9A91D4EE7AE003497C9 = {
			isa = PBXGroup;
			children = (
				5866F9B41D4EE7AE003497C9 /* LCCollectionLayout */,
				5866F9CE1D4EE7AF003497C9 /* LCCollectionLayoutTests */,
				5866F9D91D4EE7AF003497C9 /* LCCollectionLayoutUITests */,
				5866F9B31D4EE7AE003497C9 /* Products */,
			);
			sourceTree = "<group>";
		};
		5866F9B31D4EE7AE003497C9 /* Products */ = {
			isa = PBXGroup;
			children = (
				5866F9B21D4EE7AE003497C9 /* LCCollectionLayout.app */,
				5866F9CB1D4EE7AF003497C9 /* LCCollectionLayoutTests.xctest */,
				5866F9D61D4EE7AF003497C9 /* LCCollectionLayoutUITests.xctest */,
			);
			name = Products;
			sourceTree = "<group>";
		};
		5866F9B41D4EE7AE003497C9 /* LCCollectionLayout */ = {
			isa = PBXGroup;
			children = (
				5866F9E81D4EE81A003497C9 /* Layout */,
				5866F9B81D4EE7AE003497C9 /* AppDelegate.h */,
				5866F9B91D4EE7AE003497C9 /* AppDelegate.m */,
				5866F9BB1D4EE7AE003497C9 /* ViewController.h */,
				5866F9BC1D4EE7AE003497C9 /* ViewController.m */,
				5866F9BE1D4EE7AE003497C9 /* Main.storyboard */,
				5866F9C11D4EE7AE003497C9 /* Assets.xcassets */,
				5866F9C31D4EE7AE003497C9 /* LaunchScreen.storyboard */,
				5866F9C61D4EE7AF003497C9 /* Info.plist */,
				5866F9B51D4EE7AE003497C9 /* Supporting Files */,
			);
			path = LCCollectionLayout;
			sourceTree = "<group>";
		};
		5866F9B51D4EE7AE003497C9 /* Supporting Files */ = {
			isa = PBXGroup;
			children = (
				5866F9B61D4EE7AE003497C9 /* main.m */,
			);
			name = "Supporting Files";
			sourceTree = "<group>";
		};
		5866F9CE1D4EE7AF003497C9 /* LCCollectionLayoutTests */ = {
			isa = PBXGroup;
			children = (
				5866F9CF1D4EE7AF003497C9 /* LCCollectionLayoutTests.m */,
				5866F9D11D4EE7AF003497C9 /* Info.plist */,
			);
			path = LCCollectionLayoutTests;
			sourceTree = "<group>";
		};
		5866F9D91D4EE7AF003497C9 /* LCCollectionLayoutUITests */ = {
			isa = PBXGroup;
			children = (
				5866F9DA1D4EE7AF003497C9 /* LCCollectionLayoutUITests.m */,
				5866F9DC1D4EE7AF003497C9 /* Info.plist */,
			);
			path = LCCollectionLayoutUITests;
			sourceTree = "<group>";
		};
		5866F9E81D4EE81A003497C9 /* Layout */ = {
			isa = PBXGroup;
			children = (
				5866F9E91D4EE920003497C9 /* LCLineFlowLayout.h */,
				5866F9EA1D4EE920003497C9 /* LCLineFlowLayout.m */,
			);
			name = Layout;
			sourceTree = "<group>";
		};
/* End PBXGroup section */

/* Begin PBXNativeTarget section */
		5866F9B11D4EE7AE003497C9 /* LCCollectionLayout */ = {
			isa = PBXNativeTarget;
			buildConfigurationList = 5866F9DF1D4EE7AF003497C9 /* Build configuration list for PBXNativeTarget "LCCollectionLayout" */;
			buildPhases = (
				5866F9AE1D4EE7AE003497C9 /* Sources */,
				5866F9AF1D4EE7AE003497C9 /* Frameworks */,
				5866F9B01D4EE7AE003497C9 /* Resources */,
			);
			buildRules = (
			);
			dependencies = (
			);
			name = LCCollectionLayout;
			productName = LCCollectionLayout;
			productReference = 5866F9B21D4EE7AE003497C9 /* LCCollectionLayout.app */;
			productType = "com.apple.product-type.application";
		};
		5866F9CA1D4EE7AF003497C9 /* LCCollectionLayoutTests */ = {
			isa = PBXNativeTarget;
			buildConfigurationList = 5866F9E21D4EE7AF003497C9 /* Build configuration list for PBXNativeTarget "LCCollectionLayoutTests" */;
			buildPhases = (
				5866F9C71D4EE7AF003497C9 /* Sources */,
				5866F9C81D4EE7AF003497C9 /* Frameworks */,
				5866F9C91D4EE7AF003497C9 /* Resources */,
			);
			buildRules = (
			);
			dependencies = (
				5866F9CD1D4EE7AF003497C9 /* PBXTargetDependency */,
			);
			name = LCCollectionLayoutTests;
			productName = LCCollectionLayoutTests;
			productReference = 5866F9CB1D4EE7AF003497C9 /* LCCollectionLayoutTests.xctest */;
			productType = "com.apple.product-type.bundle.unit-test";
		};
		5866F9D51D4EE7AF003497C9 /* LCCollectionLayoutUITests */ = {
			isa = PBXNativeTarget;
			buildConfigurationList = 5866F9E51D4EE7AF003497C9 /* Build configuration list for PBXNativeTarget "LCCollectionLayoutUITests" */;
			buildPhases = (
				5866F9D21D4EE7AF003497C9 /* Sources */,
				5866F9D31D4EE7AF003497C9 /* Frameworks */,
				5866F9D41D4EE7AF003497C9 /* Resources */,
			);
			buildRules = (
			);
			dependencies = (
				5866F9D81D4EE7AF003497C9 /* PBXTargetDependency */,
			);
			name = LCCollectionLayoutUITests;
			productName = LCCollectionLayoutUITests;
			productReference = 5866F9D61D4EE7AF003497C9 /* LCCollectionLayoutUITests.xctest */;
			productType = "com.apple.product-type.bundle.ui-testing";
		};
/* End PBXNativeTarget section */

/* Begin PBXProject section */
		5866F9AA1D4EE7AE003497C9 /* Project object */ = {
			isa = PBXProject;
			attributes = {
				LastUpgradeCheck = 0730;
				ORGANIZATIONNAME = LiuChang;
				TargetAttributes = {
					5866F9B11D4EE7AE003497C9 = {
						CreatedOnToolsVersion = 7.3;
					};
					5866F9CA1D4EE7AF003497C9 = {
						CreatedOnToolsVersion = 7.3;
						TestTargetID = 5866F9B11D4EE7AE003497C9;
					};
					5866F9D51D4EE7AF003497C9 = {
						CreatedOnToolsVersion = 7.3;
						TestTargetID = 5866F9B11D4EE7AE003497C9;
					};
				};
			};
			buildConfigurationList = 5866F9AD1D4EE7AE003497C9 /* Build configuration list for PBXProject "LCCollectionLayout" */;
			compatibilityVersion = "Xcode 3.2";
			developmentRegion = English;
			hasScannedForEncodings = 0;
			knownRegions = (
				en,
				Base,
			);
			mainGroup = 5866F9A91D4EE7AE003497C9;
			productRefGroup = 5866F9B31D4EE7AE003497C9 /* Products */;
			projectDirPath = "";
			projectRoot = "";
			targets = (
				5866F9B11D4EE7AE003497C9 /* LCCollectionLayout */,
				5866F9CA1D4EE7AF003497C9 /* LCCollectionLayoutTests */,
				5866F9D51D4EE7AF003497C9 /* LCCollectionLayoutUITests */,
			);
		};
/* End PBXProject section */

/* Begin PBXResourcesBuildPhase section */
		5866F9B01D4EE7AE003497C9 /* Resources */ = {
			isa = PBXResourcesBuildPhase;
			buildActionMask = 2147483647;
			files = (
				5866F9C51D4EE7AF003497C9 /* LaunchScreen.storyboard in Resources */,
				5866F9C21D4EE7AE003497C9 /* Assets.xcassets in Resources */,
				5866F9C01D4EE7AE003497C9 /* Main.storyboard in Resources */,
			);
			runOnlyForDeploymentPostprocessing = 0;
		};
		5866F9C91D4EE7AF003497C9 /* Resources */ = {
			isa = PBXResourcesBuildPhase;
			buildActionMask = 2147483647;
			files = (
			);
			runOnlyForDeploymentPostprocessing = 0;
		};
		5866F9D41D4EE7AF003497C9 /* Resources */ = {
			isa = PBXResourcesBuildPhase;
			buildActionMask = 2147483647;
			files = (
			);
			runOnlyForDeploymentPostprocessing = 0;
		};
/* End PBXResourcesBuildPhase section */

/* Begin PBXSourcesBuildPhase section */
		5866F9AE1D4EE7AE003497C9 /* Sources */ = {
			isa = PBXSourcesBuildPhase;
			buildActionMask = 2147483647;
			files = (
				5866F9BD1D4EE7AE003497C9 /* ViewController.m in Sources */,
				5866F9BA1D4EE7AE003497C9 /* AppDelegate.m in Sources */,
				5866F9EB1D4EE920003497C9 /* LCLineFlowLayout.m in Sources */,
				5866F9B71D4EE7AE003497C9 /* main.m in Sources */,
			);
			runOnlyForDeploymentPostprocessing = 0;
		};
		5866F9C71D4EE7AF003497C9 /* Sources */ = {
			isa = PBXSourcesBuildPhase;
			buildActionMask = 2147483647;
			files = (
				5866F9D01D4EE7AF003497C9 /* LCCollectionLayoutTests.m in Sources */,
			);
			runOnlyForDeploymentPostprocessing = 0;
		};
		5866F9D21D4EE7AF003497C9 /* Sources */ = {
			isa = PBXSourcesBuildPhase;
			buildActionMask = 2147483647;
			files = (
				5866F9DB1D4EE7AF003497C9 /* LCCollectionLayoutUITests.m in Sources */,
			);
			runOnlyForDeploymentPostprocessing = 0;
		};
/* End PBXSourcesBuildPhase section */

/* Begin PBXTargetDependency section */
		5866F9CD1D4EE7AF003497C9 /* PBXTargetDependency */ = {
			isa = PBXTargetDependency;
			target = 5866F9B11D4EE7AE003497C9 /* LCCollectionLayout */;
			targetProxy = 5866F9CC1D4EE7AF003497C9 /* PBXContainerItemProxy */;
		};
		5866F9D81D4EE7AF003497C9 /* PBXTargetDependency */ = {
			isa = PBXTargetDependency;
			target = 5866F9B11D4EE7AE003497C9 /* LCCollectionLayout */;
			targetProxy = 5866F9D71D4EE7AF003497C9 /* PBXContainerItemProxy */;
		};
/* End PBXTargetDependency section */

/* Begin PBXVariantGroup section */
		5866F9BE1D4EE7AE003497C9 /* Main.storyboard */ = {
			isa = PBXVariantGroup;
			children = (
				5866F9BF1D4EE7AE003497C9 /* Base */,
			);
			name = Main.storyboard;
			sourceTree = "<group>";
		};
		5866F9C31D4EE7AE003497C9 /* LaunchScreen.storyboard */ = {
			isa = PBXVariantGroup;
			children = (
				5866F9C41D4EE7AF003497C9 /* Base */,
			);
			name = LaunchScreen.storyboard;
			sourceTree = "<group>";
		};
/* End PBXVariantGroup section */

/* Begin XCBuildConfiguration section */
		5866F9DD1D4EE7AF003497C9 /* Debug */ = {
			isa = XCBuildConfiguration;
			buildSettings = {
				ALWAYS_SEARCH_USER_PATHS = NO;
				CLANG_ANALYZER_NONNULL = YES;
				CLANG_CXX_LANGUAGE_STANDARD = "gnu++0x";
				CLANG_CXX_LIBRARY = "libc++";
				CLANG_ENABLE_MODULES = YES;
				CLANG_ENABLE_OBJC_ARC = YES;
				CLANG_WARN_BOOL_CONVERSION = YES;
				CLANG_WARN_CONSTANT_CONVERSION = YES;
				CLANG_WARN_DIRECT_OBJC_ISA_USAGE = YES_ERROR;
				CLANG_WARN_EMPTY_BODY = YES;
				CLANG_WARN_ENUM_CONVERSION = YES;
				CLANG_WARN_INT_CONVERSION = YES;
				CLANG_WARN_OBJC_ROOT_CLASS = YES_ERROR;
				CLANG_WARN_UNREACHABLE_CODE = YES;
				CLANG_WARN__DUPLICATE_METHOD_MATCH = YES;
				"CODE_SIGN_IDENTITY[sdk=iphoneos*]" = "iPhone Developer";
				COPY_PHASE_STRIP = NO;
				DEBUG_INFORMATION_FORMAT = dwarf;
				ENABLE_STRICT_OBJC_MSGSEND = YES;
				ENABLE_TESTABILITY = YES;
				GCC_C_LANGUAGE_STANDARD = gnu99;
				GCC_DYNAMIC_NO_PIC = NO;
				GCC_NO_COMMON_BLOCKS = YES;
				GCC_OPTIMIZATION_LEVEL = 0;
				GCC_PREPROCESSOR_DEFINITIONS = (
					"DEBUG=1",
					"$(inherited)",
				);
				GCC_WARN_64_TO_32_BIT_CONVERSION = YES;
				GCC_WARN_ABOUT_RETURN_TYPE = YES_ERROR;
				GCC_WARN_UNDECLARED_SELECTOR = YES;
				GCC_WARN_UNINITIALIZED_AUTOS = YES_AGGRESSIVE;
				GCC_WARN_UNUSED_FUNCTION = YES;
				GCC_WARN_UNUSED_VARIABLE = YES;
				IPHONEOS_DEPLOYMENT_TARGET = 9.3;
				MTL_ENABLE_DEBUG_INFO = YES;
				ONLY_ACTIVE_ARCH = YES;
				SDKROOT = iphoneos;
			};
			name = Debug;
		};
		5866F9DE1D4EE7AF003497C9 /* Release */ = {
			isa = XCBuildConfiguration;
			buildSettings = {
				ALWAYS_SEARCH_USER_PATHS = NO;
				CLANG_ANALYZER_NONNULL = YES;
				CLANG_CXX_LANGUAGE_STANDARD = "gnu++0x";
				CLANG_CXX_LIBRARY = "libc++";
				CLANG_ENABLE_MODULES = YES;
				CLANG_ENABLE_OBJC_ARC = YES;
				CLANG_WARN_BOOL_CONVERSION = YES;
				CLANG_WARN_CONSTANT_CONVERSION = YES;
				CLANG_WARN_DIRECT_OBJC_ISA_USAGE = YES_ERROR;
				CLANG_WARN_EMPTY_BODY = YES;
				CLANG_WARN_ENUM_CONVERSION = YES;
				CLANG_WARN_INT_CONVERSION = YES;
				CLANG_WARN_OBJC_ROOT_CLASS = YES_ERROR;
				CLANG_WARN_UNREACHABLE_CODE = YES;
				CLANG_WARN__DUPLICATE_METHOD_MATCH = YES;
				"CODE_SIGN_IDENTITY[sdk=iphoneos*]" = "iPhone Developer";
				COPY_PHASE_STRIP = NO;
				DEBUG_INFORMATION_FORMAT = "dwarf-with-dsym";
				ENABLE_NS_ASSERTIONS = NO;
				ENABLE_STRICT_OBJC_MSGSEND = YES;
				GCC_C_LANGUAGE_STANDARD = gnu99;
				GCC_NO_COMMON_BLOCKS = YES;
				GCC_WARN_64_TO_32_BIT_CONVERSION = YES;
				GCC_WARN_ABOUT_RETURN_TYPE = YES_ERROR;
				GCC_WARN_UNDECLARED_SELECTOR = YES;
				GCC_WARN_UNINITIALIZED_AUTOS = YES_AGGRESSIVE;
				GCC_WARN_UNUSED_FUNCTION = YES;
				GCC_WARN_UNUSED_VARIABLE = YES;
				IPHONEOS_DEPLOYMENT_TARGET = 9.3;
				MTL_ENABLE_DEBUG_INFO = NO;
				SDKROOT = iphoneos;
				VALIDATE_PRODUCT = YES;
			};
			name = Release;
		};
		5866F9E01D4EE7AF003497C9 /* Debug */ = {
			isa = XCBuildConfiguration;
			buildSettings = {
				ASSETCATALOG_COMPILER_APPICON_NAME = AppIcon;
				INFOPLIST_FILE = LCCollectionLayout/Info.plist;
				LD_RUNPATH_SEARCH_PATHS = "$(inherited) @executable_path/Frameworks";
				PRODUCT_BUNDLE_IDENTIFIER = "LiuChang-Project.LCCollectionLayout";
				PRODUCT_NAME = "$(TARGET_NAME)";
			};
			name = Debug;
		};
		5866F9E11D4EE7AF003497C9 /* Release */ = {
			isa = XCBuildConfiguration;
			buildSettings = {
				ASSETCATALOG_COMPILER_APPICON_NAME = AppIcon;
				INFOPLIST_FILE = LCCollectionLayout/Info.plist;
				LD_RUNPATH_SEARCH_PATHS = "$(inherited) @executable_path/Frameworks";
				PRODUCT_BUNDLE_IDENTIFIER = "LiuChang-Project.LCCollectionLayout";
				PRODUCT_NAME = "$(TARGET_NAME)";
			};
			name = Release;
		};
		5866F9E31D4EE7AF003497C9 /* Debug */ = {
			isa = XCBuildConfiguration;
			buildSettings = {
				BUNDLE_LOADER = "$(TEST_HOST)";
				INFOPLIST_FILE = LCCollectionLayoutTests/Info.plist;
				LD_RUNPATH_SEARCH_PATHS = "$(inherited) @executable_path/Frameworks @loader_path/Frameworks";
				PRODUCT_BUNDLE_IDENTIFIER = "LiuChang-Project.LCCollectionLayoutTests";
				PRODUCT_NAME = "$(TARGET_NAME)";
				TEST_HOST = "$(BUILT_PRODUCTS_DIR)/LCCollectionLayout.app/LCCollectionLayout";
			};
			name = Debug;
		};
		5866F9E41D4EE7AF003497C9 /* Release */ = {
			isa = XCBuildConfiguration;
			buildSettings = {
				BUNDLE_LOADER = "$(TEST_HOST)";
				INFOPLIST_FILE = LCCollectionLayoutTests/Info.plist;
				LD_RUNPATH_SEARCH_PATHS = "$(inherited) @executable_path/Frameworks @loader_path/Frameworks";
				PRODUCT_BUNDLE_IDENTIFIER = "LiuChang-Project.LCCollectionLayoutTests";
				PRODUCT_NAME = "$(TARGET_NAME)";
				TEST_HOST = "$(BUILT_PRODUCTS_DIR)/LCCollectionLayout.app/LCCollectionLayout";
			};
			name = Release;
		};
		5866F9E61D4EE7AF003497C9 /* Debug */ = {
			isa = XCBuildConfiguration;
			buildSettings = {
				INFOPLIST_FILE = LCCollectionLayoutUITests/Info.plist;
				LD_RUNPATH_SEARCH_PATHS = "$(inherited) @executable_path/Frameworks @loader_path/Frameworks";
				PRODUCT_BUNDLE_IDENTIFIER = "LiuChang-Project.LCCollectionLayoutUITests";
				PRODUCT_NAME = "$(TARGET_NAME)";
				TEST_TARGET_NAME = LCCollectionLayout;
			};
			name = Debug;
		};
		5866F9E71D4EE7AF003497C9 /* Release */ = {
			isa = XCBuildConfiguration;
			buildSettings = {
				INFOPLIST_FILE = LCCollectionLayoutUITests/Info.plist;
				LD_RUNPATH_SEARCH_PATHS = "$(inherited) @executable_path/Frameworks @loader_path/Frameworks";
				PRODUCT_BUNDLE_IDENTIFIER = "LiuChang-Project.LCCollectionLayoutUITests";
				PRODUCT_NAME = "$(TARGET_NAME)";
				TEST_TARGET_NAME = LCCollectionLayout;
			};
			name = Release;
		};
/* End XCBuildConfiguration section */

/* Begin XCConfigurationList section */
		5866F9AD1D4EE7AE003497C9 /* Build configuration list for PBXProject "LCCollectionLayout" */ = {
			isa = XCConfigurationList;
			buildConfigurations = (
				5866F9DD1D4EE7AF003497C9 /* Debug */,
				5866F9DE1D4EE7AF003497C9 /* Release */,
			);
			defaultConfigurationIsVisible = 0;
			defaultConfigurationName = Release;
		};
		5866F9DF1D4EE7AF003497C9 /* Build configuration list for PBXNativeTarget "LCCollectionLayout" */ = {
			isa = XCConfigurationList;
			buildConfigurations = (
				5866F9E01D4EE7AF003497C9 /* Debug */,
				5866F9E11D4EE7AF003497C9 /* Release */,
			);
			defaultConfigurationIsVisible = 0;
		};
		5866F9E21D4EE7AF003497C9 /* Build configuration list for PBXNativeTarget "LCCollectionLayoutTests" */ = {
			isa = XCConfigurationList;
			buildConfigurations = (
				5866F9E31D4EE7AF003497C9 /* Debug */,
				5866F9E41D4EE7AF003497C9 /* Release */,
			);
			defaultConfigurationIsVisible = 0;
		};
		5866F9E51D4EE7AF003497C9 /* Build configuration list for PBXNativeTarget "LCCollectionLayoutUITests" */ = {
			isa = XCConfigurationList;
			buildConfigurations = (
				5866F9E61D4EE7AF003497C9 /* Debug */,
				5866F9E71D4EE7AF003497C9 /* Release */,
			);
			defaultConfigurationIsVisible = 0;
		};
/* End XCConfigurationList section */
	};
	rootObject = 5866F9AA1D4EE7AE003497C9 /* Project object */;
}
